{
  "requires": true,
  "lockfileVersion": 1,
  "dependencies": {
    "bootstrap": {
      "version": "5.2.1",
      "resolved": "https://registry.npmjs.org/bootstrap/-/bootstrap-5.2.1.tgz",
      "integrity": "sha512-UQi3v2NpVPEi1n35dmRRzBJFlgvWHYwyem6yHhuT6afYF+sziEt46McRbT//kVXZ7b1YUYEVGdXEH74Nx3xzGA=="
    },
    "canvas-confetti": {
      "version": "1.5.1",
      "resolved": "https://registry.npmjs.org/canvas-confetti/-/canvas-confetti-1.5.1.tgz",
      "integrity": "sha512-Ncz+oZJP6OvY7ti4E1slxVlyAV/3g7H7oQtcCDXgwGgARxPnwYY9PW5Oe+I8uvspYNtuHviAdgA0LfcKFWJfpg=="
    },
    "jquery": {
      "version": "3.6.1",
      "resolved": "https://registry.npmjs.org/jquery/-/jquery-3.6.1.tgz",
      "integrity": "sha512-opJeO4nCucVnsjiXOE+/PcCgYw9Gwpvs/a6B1LL/lQhwWwpbVEVYDZ1FokFr8PRc7ghYlrFPuyHuiiDNTQxmcw=="
    },
    "photoswipe": {
      "version": "5.3.2",
      "resolved": "https://registry.npmjs.org/photoswipe/-/photoswipe-5.3.2.tgz",
      "integrity": "sha512-QJrf0kGa3tYX3sUascZymkT+ZIkgw8YNcwL+hGqoLTyphcn9vSTEab7tmCnA1tthgVzWQRgPjX9psuk7yFrTcA=="
    },
    "toastr": {
      "version": "2.1.4",
      "resolved": "https://registry.npmjs.org/toastr/-/toastr-2.1.4.tgz",
      "integrity": "sha512-LIy77F5n+sz4tefMmFOntcJ6HL0Fv3k1TDnNmFZ0bU/GcvIIfy6eG2v7zQmMiYgaalAiUv75ttFrPn5s0gyqlA==",
      "requires": {
        "jquery": ">=1.12.0"
      }
    }
  }
}
